
Microsoft Visual Studio Solution File, Format Version 12.00
# Visual Studio Version 16
VisualStudioVersion = 16.0.28729.10
MinimumVisualStudioVersion = 10.0.40219.1
Project("{FAE04EC0-301F-11D3-BF4B-00C04F79EFBC}") = "MvcCoreLocalization", "MvcCoreLocalization\MvcCoreLocalization.csproj", "{A1B5D69F-4251-4FBC-8E52-89E3C1C9C302}"
EndProject
Global
	GlobalSection(SolutionConfigurationPlatforms) = preSolution
		Debug|Any CPU = Debug|Any CPU
		Release|Any CPU = Release|Any CPU
	EndGlobalSection
	GlobalSection(ProjectConfigurationPlatforms) = postSolution
		{A1B5D69F-4251-4FBC-8E52-89E3C1C9C302}.Debug|Any CPU.ActiveCfg = Debug|Any CPU
		{A1B5D69F-4251-4FBC-8E52-89E3C1C9C302}.Debug|Any CPU.Build.0 = Debug|Any CPU
		{A1B5D69F-4251-4FBC-8E52-89E3C1C9C302}.Release|Any CPU.ActiveCfg = Release|Any CPU
		{A1B5D69F-4251-4FBC-8E52-89E3C1C9C302}.Release|Any CPU.Build.0 = Release|Any CPU
	EndGlobalSection
	GlobalSection(SolutionProperties) = preSolution
		HideSolutionNode = FALSE
	EndGlobalSection
	GlobalSection(ExtensibilityGlobals) = postSolution
		SolutionGuid = {29155361-6693-4822-A0AA-9ABEF68BBC36}
	EndGlobalSection
EndGlobal
